
Microsoft Visual Studio Solution File, Format Version 12.00
# Visual Studio 14
VisualStudioVersion = 14.0.25420.1
MinimumVisualStudioVersion = 10.0.40219.1
Project("{FAE04EC0-301F-11D3-BF4B-00C04F79EFBC}") = "Northwind.Repositorios.SqlServer.Ado", "Northwind.Repositorios.SqlServer.Ado\Northwind.Repositorios.SqlServer.Ado.csproj", "{90EF9AED-70BE-45AC-BBBD-EE4FB769B0F2}"
EndProject
Project("{FAE04EC0-301F-11D3-BF4B-00C04F79EFBC}") = "Northwind.Repositorios.SqlServer.AdoTests", "Northwind.Repositorios.SqlServer.AdoTests\Northwind.Repositorios.SqlServer.AdoTests.csproj", "{51619807-40CD-420E-8582-8D43F73BB303}"
EndProject
Project("{FAE04EC0-301F-11D3-BF4B-00C04F79EFBC}") = "Northwind.WebForms", "Northwind.WebForms\Northwind.WebForms.csproj", "{AFA7BB9F-AF1A-47B1-ADDA-F7FE8E17D5D6}"
EndProject
Project("{FAE04EC0-301F-11D3-BF4B-00C04F79EFBC}") = "Northwind.Dominio", "Northwind.Dominio\Northwind.Dominio.csproj", "{45405C03-B4D9-4E02-A75B-0F5FC0FF5FA7}"
EndProject
Project("{FAE04EC0-301F-11D3-BF4B-00C04F79EFBC}") = "Northwind.Mvc", "Northwind.Mvc\Northwind.Mvc.csproj", "{F6D81B28-4B12-483C-A816-A2D9D0AFD714}"
EndProject
Project("{2150E333-8FDC-42A3-9474-1A3956D46DE8}") = "Northwind", "Northwind", "{617D66BC-F0C2-48A9-B5F8-5E7EEFE3948D}"
EndProject
Project("{2150E333-8FDC-42A3-9474-1A3956D46DE8}") = "Loja", "Loja", "{ECFD578A-E26E-489E-B8A5-0CFCC8A02B6E}"
EndProject
Project("{FAE04EC0-301F-11D3-BF4B-00C04F79EFBC}") = "Loja.Dominio", "Loja.Dominio\Loja.Dominio.csproj", "{9075F3D0-2653-4AAB-A3C2-4E5E71EAEADE}"
EndProject
Project("{FAE04EC0-301F-11D3-BF4B-00C04F79EFBC}") = "Loja.Repositorios.SqlServer.EF", "Loja.Repositorios.SqlServer.EF\Loja.Repositorios.SqlServer.EF.csproj", "{F3576038-BB12-43F6-B68A-26BECA72BEAF}"
EndProject
Project("{FAE04EC0-301F-11D3-BF4B-00C04F79EFBC}") = "Loja.Repositorios.SqlServer.EFTests", "Loja.Repositorios.SqlServer.EFTests\Loja.Repositorios.SqlServer.EFTests.csproj", "{A21EEAB8-F271-4BFC-B41F-DB94B38CCEB7}"
EndProject
Global
	GlobalSection(SolutionConfigurationPlatforms) = preSolution
		Debug|Any CPU = Debug|Any CPU
		Release|Any CPU = Release|Any CPU
	EndGlobalSection
	GlobalSection(ProjectConfigurationPlatforms) = postSolution
		{90EF9AED-70BE-45AC-BBBD-EE4FB769B0F2}.Debug|Any CPU.ActiveCfg = Debug|Any CPU
		{90EF9AED-70BE-45AC-BBBD-EE4FB769B0F2}.Debug|Any CPU.Build.0 = Debug|Any CPU
		{90EF9AED-70BE-45AC-BBBD-EE4FB769B0F2}.Release|Any CPU.ActiveCfg = Release|Any CPU
		{90EF9AED-70BE-45AC-BBBD-EE4FB769B0F2}.Release|Any CPU.Build.0 = Release|Any CPU
		{51619807-40CD-420E-8582-8D43F73BB303}.Debug|Any CPU.ActiveCfg = Debug|Any CPU
		{51619807-40CD-420E-8582-8D43F73BB303}.Debug|Any CPU.Build.0 = Debug|Any CPU
		{51619807-40CD-420E-8582-8D43F73BB303}.Release|Any CPU.ActiveCfg = Release|Any CPU
		{51619807-40CD-420E-8582-8D43F73BB303}.Release|Any CPU.Build.0 = Release|Any CPU
		{AFA7BB9F-AF1A-47B1-ADDA-F7FE8E17D5D6}.Debug|Any CPU.ActiveCfg = Debug|Any CPU
		{AFA7BB9F-AF1A-47B1-ADDA-F7FE8E17D5D6}.Debug|Any CPU.Build.0 = Debug|Any CPU
		{AFA7BB9F-AF1A-47B1-ADDA-F7FE8E17D5D6}.Release|Any CPU.ActiveCfg = Release|Any CPU
		{AFA7BB9F-AF1A-47B1-ADDA-F7FE8E17D5D6}.Release|Any CPU.Build.0 = Release|Any CPU
		{45405C03-B4D9-4E02-A75B-0F5FC0FF5FA7}.Debug|Any CPU.ActiveCfg = Debug|Any CPU
		{45405C03-B4D9-4E02-A75B-0F5FC0FF5FA7}.Debug|Any CPU.Build.0 = Debug|Any CPU
		{45405C03-B4D9-4E02-A75B-0F5FC0FF5FA7}.Release|Any CPU.ActiveCfg = Release|Any CPU
		{45405C03-B4D9-4E02-A75B-0F5FC0FF5FA7}.Release|Any CPU.Build.0 = Release|Any CPU
		{F6D81B28-4B12-483C-A816-A2D9D0AFD714}.Debug|Any CPU.ActiveCfg = Debug|Any CPU
		{F6D81B28-4B12-483C-A816-A2D9D0AFD714}.Debug|Any CPU.Build.0 = Debug|Any CPU
		{F6D81B28-4B12-483C-A816-A2D9D0AFD714}.Release|Any CPU.ActiveCfg = Release|Any CPU
		{F6D81B28-4B12-483C-A816-A2D9D0AFD714}.Release|Any CPU.Build.0 = Release|Any CPU
		{9075F3D0-2653-4AAB-A3C2-4E5E71EAEADE}.Debug|Any CPU.ActiveCfg = Debug|Any CPU
		{9075F3D0-2653-4AAB-A3C2-4E5E71EAEADE}.Debug|Any CPU.Build.0 = Debug|Any CPU
		{9075F3D0-2653-4AAB-A3C2-4E5E71EAEADE}.Release|Any CPU.ActiveCfg = Release|Any CPU
		{9075F3D0-2653-4AAB-A3C2-4E5E71EAEADE}.Release|Any CPU.Build.0 = Release|Any CPU
		{F3576038-BB12-43F6-B68A-26BECA72BEAF}.Debug|Any CPU.ActiveCfg = Debug|Any CPU
		{F3576038-BB12-43F6-B68A-26BECA72BEAF}.Debug|Any CPU.Build.0 = Debug|Any CPU
		{F3576038-BB12-43F6-B68A-26BECA72BEAF}.Release|Any CPU.ActiveCfg = Release|Any CPU
		{F3576038-BB12-43F6-B68A-26BECA72BEAF}.Release|Any CPU.Build.0 = Release|Any CPU
		{A21EEAB8-F271-4BFC-B41F-DB94B38CCEB7}.Debug|Any CPU.ActiveCfg = Debug|Any CPU
		{A21EEAB8-F271-4BFC-B41F-DB94B38CCEB7}.Debug|Any CPU.Build.0 = Debug|Any CPU
		{A21EEAB8-F271-4BFC-B41F-DB94B38CCEB7}.Release|Any CPU.ActiveCfg = Release|Any CPU
		{A21EEAB8-F271-4BFC-B41F-DB94B38CCEB7}.Release|Any CPU.Build.0 = Release|Any CPU
	EndGlobalSection
	GlobalSection(SolutionProperties) = preSolution
		HideSolutionNode = FALSE
	EndGlobalSection
	GlobalSection(NestedProjects) = preSolution
		{90EF9AED-70BE-45AC-BBBD-EE4FB769B0F2} = {617D66BC-F0C2-48A9-B5F8-5E7EEFE3948D}
		{51619807-40CD-420E-8582-8D43F73BB303} = {617D66BC-F0C2-48A9-B5F8-5E7EEFE3948D}
		{AFA7BB9F-AF1A-47B1-ADDA-F7FE8E17D5D6} = {617D66BC-F0C2-48A9-B5F8-5E7EEFE3948D}
		{45405C03-B4D9-4E02-A75B-0F5FC0FF5FA7} = {617D66BC-F0C2-48A9-B5F8-5E7EEFE3948D}
		{F6D81B28-4B12-483C-A816-A2D9D0AFD714} = {617D66BC-F0C2-48A9-B5F8-5E7EEFE3948D}
		{9075F3D0-2653-4AAB-A3C2-4E5E71EAEADE} = {ECFD578A-E26E-489E-B8A5-0CFCC8A02B6E}
		{F3576038-BB12-43F6-B68A-26BECA72BEAF} = {ECFD578A-E26E-489E-B8A5-0CFCC8A02B6E}
		{A21EEAB8-F271-4BFC-B41F-DB94B38CCEB7} = {ECFD578A-E26E-489E-B8A5-0CFCC8A02B6E}
	EndGlobalSection
EndGlobal
