
Microsoft Visual Studio Solution File, Format Version 12.00
# Visual Studio 14
VisualStudioVersion = 14.0.25420.1
MinimumVisualStudioVersion = 10.0.40219.1
Project("{FAE04EC0-301F-11D3-BF4B-00C04F79EFBC}") = "Northwind.Repositorios.SqlServer.Ado", "Northwind.Repositorios.SqlServer.Ado\Northwind.Repositorios.SqlServer.Ado.csproj", "{90EF9AED-70BE-45AC-BBBD-EE4FB769B0F2}"
EndProject
Project("{FAE04EC0-301F-11D3-BF4B-00C04F79EFBC}") = "Northwind.Repositorios.SqlServer.AdoTests", "Northwind.Repositorios.SqlServer.AdoTests\Northwind.Repositorios.SqlServer.AdoTests.csproj", "{51619807-40CD-420E-8582-8D43F73BB303}"
EndProject
Project("{FAE04EC0-301F-11D3-BF4B-00C04F79EFBC}") = "Northwind.WebForms", "Northwind.WebForms\Northwind.WebForms.csproj", "{AFA7BB9F-AF1A-47B1-ADDA-F7FE8E17D5D6}"
EndProject
Project("{FAE04EC0-301F-11D3-BF4B-00C04F79EFBC}") = "Northwind.Dominio", "Northwind.Dominio\Northwind.Dominio.csproj", "{45405C03-B4D9-4E02-A75B-0F5FC0FF5FA7}"
EndProject
Project("{FAE04EC0-301F-11D3-BF4B-00C04F79EFBC}") = "Northwind.Mvc", "Northwind.Mvc\Northwind.Mvc.csproj", "{F6D81B28-4B12-483C-A816-A2D9D0AFD714}"
EndProject
Global
	GlobalSection(SolutionConfigurationPlatforms) = preSolution
		Debug|Any CPU = Debug|Any CPU
		Release|Any CPU = Release|Any CPU
	EndGlobalSection
	GlobalSection(ProjectConfigurationPlatforms) = postSolution
		{90EF9AED-70BE-45AC-BBBD-EE4FB769B0F2}.Debug|Any CPU.ActiveCfg = Debug|Any CPU
		{90EF9AED-70BE-45AC-BBBD-EE4FB769B0F2}.Debug|Any CPU.Build.0 = Debug|Any CPU
		{90EF9AED-70BE-45AC-BBBD-EE4FB769B0F2}.Release|Any CPU.ActiveCfg = Release|Any CPU
		{90EF9AED-70BE-45AC-BBBD-EE4FB769B0F2}.Release|Any CPU.Build.0 = Release|Any CPU
		{51619807-40CD-420E-8582-8D43F73BB303}.Debug|Any CPU.ActiveCfg = Debug|Any CPU
		{51619807-40CD-420E-8582-8D43F73BB303}.Debug|Any CPU.Build.0 = Debug|Any CPU
		{51619807-40CD-420E-8582-8D43F73BB303}.Release|Any CPU.ActiveCfg = Release|Any CPU
		{51619807-40CD-420E-8582-8D43F73BB303}.Release|Any CPU.Build.0 = Release|Any CPU
		{AFA7BB9F-AF1A-47B1-ADDA-F7FE8E17D5D6}.Debug|Any CPU.ActiveCfg = Debug|Any CPU
		{AFA7BB9F-AF1A-47B1-ADDA-F7FE8E17D5D6}.Debug|Any CPU.Build.0 = Debug|Any CPU
		{AFA7BB9F-AF1A-47B1-ADDA-F7FE8E17D5D6}.Release|Any CPU.ActiveCfg = Release|Any CPU
		{AFA7BB9F-AF1A-47B1-ADDA-F7FE8E17D5D6}.Release|Any CPU.Build.0 = Release|Any CPU
		{45405C03-B4D9-4E02-A75B-0F5FC0FF5FA7}.Debug|Any CPU.ActiveCfg = Debug|Any CPU
		{45405C03-B4D9-4E02-A75B-0F5FC0FF5FA7}.Debug|Any CPU.Build.0 = Debug|Any CPU
		{45405C03-B4D9-4E02-A75B-0F5FC0FF5FA7}.Release|Any CPU.ActiveCfg = Release|Any CPU
		{45405C03-B4D9-4E02-A75B-0F5FC0FF5FA7}.Release|Any CPU.Build.0 = Release|Any CPU
		{F6D81B28-4B12-483C-A816-A2D9D0AFD714}.Debug|Any CPU.ActiveCfg = Debug|Any CPU
		{F6D81B28-4B12-483C-A816-A2D9D0AFD714}.Debug|Any CPU.Build.0 = Debug|Any CPU
		{F6D81B28-4B12-483C-A816-A2D9D0AFD714}.Release|Any CPU.ActiveCfg = Release|Any CPU
		{F6D81B28-4B12-483C-A816-A2D9D0AFD714}.Release|Any CPU.Build.0 = Release|Any CPU
	EndGlobalSection
	GlobalSection(SolutionProperties) = preSolution
		HideSolutionNode = FALSE
	EndGlobalSection
EndGlobal
